
Microsoft Visual Studio Solution File, Format Version 12.00
Project("{FAE04EC0-301F-11D3-BF4B-00C04F79EFBC}") = "FlosonicsSession", "FlosonicsSession\FlosonicsSession.csproj", "{FE64A88E-090C-41FC-A0BC-57A0D64DE05C}"
EndProject
Global
	GlobalSection(SolutionConfigurationPlatforms) = preSolution
		Debug|Any CPU = Debug|Any CPU
		Release|Any CPU = Release|Any CPU
	EndGlobalSection
	GlobalSection(ProjectConfigurationPlatforms) = postSolution
		{FE64A88E-090C-41FC-A0BC-57A0D64DE05C}.Debug|Any CPU.ActiveCfg = Debug|Any CPU
		{FE64A88E-090C-41FC-A0BC-57A0D64DE05C}.Debug|Any CPU.Build.0 = Debug|Any CPU
		{FE64A88E-090C-41FC-A0BC-57A0D64DE05C}.Release|Any CPU.ActiveCfg = Release|Any CPU
		{FE64A88E-090C-41FC-A0BC-57A0D64DE05C}.Release|Any CPU.Build.0 = Release|Any CPU
	EndGlobalSection
EndGlobal
